
Microsoft Visual Studio Solution File, Format Version 12.00
# Visual Studio 15
VisualStudioVersion = 15.0.27703.2026
MinimumVisualStudioVersion = 10.0.40219.1
Project("{9A19103F-16F7-4668-BE54-9A1E7A4F7556}") = "APIGateway.Query", "APIGateway.Query\APIGateway.Query.csproj", "{2EC17061-0032-4767-8111-306EF0EACB57}"
EndProject
Project("{E53339B2-1760-4266-BCC7-CA923CBCF16C}") = "docker-compose", "docker-compose.dcproj", "{2076E4AB-E868-4ECE-9822-5344E62D0DB3}"
EndProject
Project("{2150E333-8FDC-42A3-9474-1A3956D46DE8}") = "Core", "Core", "{798F0A92-663D-4225-9E1D-CBDF8C2EDDB8}"
EndProject
Project("{9A19103F-16F7-4668-BE54-9A1E7A4F7556}") = "ApiGateway.DAL", "ApiGateway.DAL\ApiGateway.DAL.csproj", "{3515E955-7A80-4431-B074-A55CD7254BCA}"
EndProject
Project("{FAE04EC0-301F-11D3-BF4B-00C04F79EFBC}") = "APIGateway.Contracts", "APIGateway.Contracts\APIGateway.Contracts.csproj", "{B8D0BED2-C2CE-4E8E-9A8D-F4EDDA5EA153}"
EndProject
Project("{FAE04EC0-301F-11D3-BF4B-00C04F79EFBC}") = "APIGateway.BLL", "APIGateway.BLL\APIGateway.BLL.csproj", "{1EFAF305-9EFF-4FB1-93E1-3CDF8B5E124B}"
EndProject
Project("{2150E333-8FDC-42A3-9474-1A3956D46DE8}") = "Testes", "Testes", "{91891376-2794-4DD5-A17A-D63519DDE681}"
EndProject
Project("{FAE04EC0-301F-11D3-BF4B-00C04F79EFBC}") = "APIGateway.Tests", "APIGateway.Tests\APIGateway.Tests.csproj", "{5E87B9BC-AED3-4CEF-AA02-0CACD4C6F003}"
EndProject
Global
	GlobalSection(SolutionConfigurationPlatforms) = preSolution
		Debug|Any CPU = Debug|Any CPU
		Release|Any CPU = Release|Any CPU
	EndGlobalSection
	GlobalSection(ProjectConfigurationPlatforms) = postSolution
		{2EC17061-0032-4767-8111-306EF0EACB57}.Debug|Any CPU.ActiveCfg = Debug|Any CPU
		{2EC17061-0032-4767-8111-306EF0EACB57}.Debug|Any CPU.Build.0 = Debug|Any CPU
		{2EC17061-0032-4767-8111-306EF0EACB57}.Release|Any CPU.ActiveCfg = Release|Any CPU
		{2EC17061-0032-4767-8111-306EF0EACB57}.Release|Any CPU.Build.0 = Release|Any CPU
		{2076E4AB-E868-4ECE-9822-5344E62D0DB3}.Debug|Any CPU.ActiveCfg = Debug|Any CPU
		{2076E4AB-E868-4ECE-9822-5344E62D0DB3}.Debug|Any CPU.Build.0 = Debug|Any CPU
		{2076E4AB-E868-4ECE-9822-5344E62D0DB3}.Release|Any CPU.ActiveCfg = Release|Any CPU
		{2076E4AB-E868-4ECE-9822-5344E62D0DB3}.Release|Any CPU.Build.0 = Release|Any CPU
		{3515E955-7A80-4431-B074-A55CD7254BCA}.Debug|Any CPU.ActiveCfg = Debug|Any CPU
		{3515E955-7A80-4431-B074-A55CD7254BCA}.Debug|Any CPU.Build.0 = Debug|Any CPU
		{3515E955-7A80-4431-B074-A55CD7254BCA}.Release|Any CPU.ActiveCfg = Release|Any CPU
		{3515E955-7A80-4431-B074-A55CD7254BCA}.Release|Any CPU.Build.0 = Release|Any CPU
		{B8D0BED2-C2CE-4E8E-9A8D-F4EDDA5EA153}.Debug|Any CPU.ActiveCfg = Debug|Any CPU
		{B8D0BED2-C2CE-4E8E-9A8D-F4EDDA5EA153}.Debug|Any CPU.Build.0 = Debug|Any CPU
		{B8D0BED2-C2CE-4E8E-9A8D-F4EDDA5EA153}.Release|Any CPU.ActiveCfg = Release|Any CPU
		{B8D0BED2-C2CE-4E8E-9A8D-F4EDDA5EA153}.Release|Any CPU.Build.0 = Release|Any CPU
		{1EFAF305-9EFF-4FB1-93E1-3CDF8B5E124B}.Debug|Any CPU.ActiveCfg = Debug|Any CPU
		{1EFAF305-9EFF-4FB1-93E1-3CDF8B5E124B}.Debug|Any CPU.Build.0 = Debug|Any CPU
		{1EFAF305-9EFF-4FB1-93E1-3CDF8B5E124B}.Release|Any CPU.ActiveCfg = Release|Any CPU
		{1EFAF305-9EFF-4FB1-93E1-3CDF8B5E124B}.Release|Any CPU.Build.0 = Release|Any CPU
		{5E87B9BC-AED3-4CEF-AA02-0CACD4C6F003}.Debug|Any CPU.ActiveCfg = Debug|Any CPU
		{5E87B9BC-AED3-4CEF-AA02-0CACD4C6F003}.Debug|Any CPU.Build.0 = Debug|Any CPU
		{5E87B9BC-AED3-4CEF-AA02-0CACD4C6F003}.Release|Any CPU.ActiveCfg = Release|Any CPU
		{5E87B9BC-AED3-4CEF-AA02-0CACD4C6F003}.Release|Any CPU.Build.0 = Release|Any CPU
	EndGlobalSection
	GlobalSection(SolutionProperties) = preSolution
		HideSolutionNode = FALSE
	EndGlobalSection
	GlobalSection(NestedProjects) = preSolution
		{3515E955-7A80-4431-B074-A55CD7254BCA} = {798F0A92-663D-4225-9E1D-CBDF8C2EDDB8}
		{B8D0BED2-C2CE-4E8E-9A8D-F4EDDA5EA153} = {798F0A92-663D-4225-9E1D-CBDF8C2EDDB8}
		{1EFAF305-9EFF-4FB1-93E1-3CDF8B5E124B} = {798F0A92-663D-4225-9E1D-CBDF8C2EDDB8}
		{5E87B9BC-AED3-4CEF-AA02-0CACD4C6F003} = {91891376-2794-4DD5-A17A-D63519DDE681}
	EndGlobalSection
	GlobalSection(ExtensibilityGlobals) = postSolution
		SolutionGuid = {E862B073-C02F-4EA2-B218-4CD6A9996A46}
	EndGlobalSection
EndGlobal
